
Microsoft Visual Studio Solution File, Format Version 12.00
# Visual Studio Version 17
VisualStudioVersion = 17.13.35913.81 d17.13
MinimumVisualStudioVersion = 10.0.40219.1
Project("{FAE04EC0-301F-11D3-BF4B-00C04F79EFBC}") = "AgroBot", "AgroBot\AgroBot.csproj", "{0B677D04-E18F-A134-CAEA-38ECF23C76D2}"
EndProject
Project("{FAE04EC0-301F-11D3-BF4B-00C04F79EFBC}") = "AgroBot.AppHost", "AgroBot.AppHost\AgroBot.AppHost.csproj", "{B14F9BF0-C8FC-4D08-B615-203F389DAF40}"
EndProject
Project("{FAE04EC0-301F-11D3-BF4B-00C04F79EFBC}") = "AgroBot.ServiceDefaults", "AgroBot.ServiceDefaults\AgroBot.ServiceDefaults.csproj", "{302C0DDA-AD6D-6BBE-133B-1CE971A13089}"
EndProject
Global
	GlobalSection(SolutionConfigurationPlatforms) = preSolution
		Debug|Any CPU = Debug|Any CPU
		Release|Any CPU = Release|Any CPU
	EndGlobalSection
	GlobalSection(ProjectConfigurationPlatforms) = postSolution
		{0B677D04-E18F-A134-CAEA-38ECF23C76D2}.Debug|Any CPU.ActiveCfg = Debug|Any CPU
		{0B677D04-E18F-A134-CAEA-38ECF23C76D2}.Debug|Any CPU.Build.0 = Debug|Any CPU
		{0B677D04-E18F-A134-CAEA-38ECF23C76D2}.Release|Any CPU.ActiveCfg = Release|Any CPU
		{0B677D04-E18F-A134-CAEA-38ECF23C76D2}.Release|Any CPU.Build.0 = Release|Any CPU
		{B14F9BF0-C8FC-4D08-B615-203F389DAF40}.Debug|Any CPU.ActiveCfg = Debug|Any CPU
		{B14F9BF0-C8FC-4D08-B615-203F389DAF40}.Debug|Any CPU.Build.0 = Debug|Any CPU
		{B14F9BF0-C8FC-4D08-B615-203F389DAF40}.Release|Any CPU.ActiveCfg = Release|Any CPU
		{B14F9BF0-C8FC-4D08-B615-203F389DAF40}.Release|Any CPU.Build.0 = Release|Any CPU
		{302C0DDA-AD6D-6BBE-133B-1CE971A13089}.Debug|Any CPU.ActiveCfg = Debug|Any CPU
		{302C0DDA-AD6D-6BBE-133B-1CE971A13089}.Debug|Any CPU.Build.0 = Debug|Any CPU
		{302C0DDA-AD6D-6BBE-133B-1CE971A13089}.Release|Any CPU.ActiveCfg = Release|Any CPU
		{302C0DDA-AD6D-6BBE-133B-1CE971A13089}.Release|Any CPU.Build.0 = Release|Any CPU
	EndGlobalSection
	GlobalSection(SolutionProperties) = preSolution
		HideSolutionNode = FALSE
	EndGlobalSection
	GlobalSection(ExtensibilityGlobals) = postSolution
		SolutionGuid = {A7EE20D2-834D-42FF-B2B7-44D9B7221D84}
	EndGlobalSection
EndGlobal
